
Microsoft Visual Studio Solution File, Format Version 12.00
# Visual Studio Version 16
VisualStudioVersion = 16.0.30114.105
MinimumVisualStudioVersion = 10.0.40219.1
Project("{FAE04EC0-301F-11D3-BF4B-00C04F79EFBC}") = "Temperature", "Temperature\Temperature.csproj", "{176E9F3A-D10C-469A-81DF-3E6E49ABD9BE}"
EndProject
Project("{FAE04EC0-301F-11D3-BF4B-00C04F79EFBC}") = "TemperatureTests", "TemperatureTests\TemperatureTests.csproj", "{875CFFD4-67F1-44E3-AE0F-0606085F39A2}"
EndProject
Project("{FAE04EC0-301F-11D3-BF4B-00C04F79EFBC}") = "TemperatureWeb", "TemperatureWeb\TemperatureWeb.csproj", "{94BCEC6A-8A57-4F83-9657-A6BE1743676C}"
EndProject
Global
	GlobalSection(SolutionConfigurationPlatforms) = preSolution
		Debug|Any CPU = Debug|Any CPU
		Release|Any CPU = Release|Any CPU
	EndGlobalSection
	GlobalSection(SolutionProperties) = preSolution
		HideSolutionNode = FALSE
	EndGlobalSection
	GlobalSection(ProjectConfigurationPlatforms) = postSolution
		{176E9F3A-D10C-469A-81DF-3E6E49ABD9BE}.Debug|Any CPU.ActiveCfg = Debug|Any CPU
		{176E9F3A-D10C-469A-81DF-3E6E49ABD9BE}.Debug|Any CPU.Build.0 = Debug|Any CPU
		{176E9F3A-D10C-469A-81DF-3E6E49ABD9BE}.Release|Any CPU.ActiveCfg = Release|Any CPU
		{176E9F3A-D10C-469A-81DF-3E6E49ABD9BE}.Release|Any CPU.Build.0 = Release|Any CPU
		{875CFFD4-67F1-44E3-AE0F-0606085F39A2}.Debug|Any CPU.ActiveCfg = Debug|Any CPU
		{875CFFD4-67F1-44E3-AE0F-0606085F39A2}.Debug|Any CPU.Build.0 = Debug|Any CPU
		{875CFFD4-67F1-44E3-AE0F-0606085F39A2}.Release|Any CPU.ActiveCfg = Release|Any CPU
		{875CFFD4-67F1-44E3-AE0F-0606085F39A2}.Release|Any CPU.Build.0 = Release|Any CPU
		{94BCEC6A-8A57-4F83-9657-A6BE1743676C}.Debug|Any CPU.ActiveCfg = Debug|Any CPU
		{94BCEC6A-8A57-4F83-9657-A6BE1743676C}.Debug|Any CPU.Build.0 = Debug|Any CPU
		{94BCEC6A-8A57-4F83-9657-A6BE1743676C}.Release|Any CPU.ActiveCfg = Release|Any CPU
		{94BCEC6A-8A57-4F83-9657-A6BE1743676C}.Release|Any CPU.Build.0 = Release|Any CPU
	EndGlobalSection
EndGlobal
